// !$*UTF8*$!
{
	archiveVersion = 1;
	classes = {
	};
	objectVersion = 50;
	objects = {

/* Begin PBXBuildFile section */
		EA9D9D5A245EE8E900BE550A /* AppDelegate.swift in Sources */ = {isa = PBXBuildFile; fileRef = EA9D9D59245EE8E900BE550A /* AppDelegate.swift */; };
		EA9D9D5C245EE8E900BE550A /* SceneDelegate.swift in Sources */ = {isa = PBXBuildFile; fileRef = EA9D9D5B245EE8E900BE550A /* SceneDelegate.swift */; };
		EA9D9D5E245EE8E900BE550A /* ViewController.swift in Sources */ = {isa = PBXBuildFile; fileRef = EA9D9D5D245EE8E900BE550A /* ViewController.swift */; };
		EA9D9D61245EE8E900BE550A /* Main.storyboard in Resources */ = {isa = PBXBuildFile; fileRef = EA9D9D5F245EE8E900BE550A /* Main.storyboard */; };
		EA9D9D63245EE8EB00BE550A /* Assets.xcassets in Resources */ = {isa = PBXBuildFile; fileRef = EA9D9D62245EE8EB00BE550A /* Assets.xcassets */; };
		EA9D9D66245EE8EB00BE550A /* LaunchScreen.storyboard in Resources */ = {isa = PBXBuildFile; fileRef = EA9D9D64245EE8EB00BE550A /* LaunchScreen.storyboard */; };
/* End PBXBuildFile section */

/* Begin PBXFileReference section */
		EA9D9D56245EE8E900BE550A /* StretchyTableHeader.app */ = {isa = PBXFileReference; explicitFileType = wrapper.application; includeInIndex = 0; path = StretchyTableHeader.app; sourceTree = BUILT_PRODUCTS_DIR; };
		EA9D9D59245EE8E900BE550A /* AppDelegate.swift */ = {isa = PBXFileReference; lastKnownFileType = sourcecode.swift; path = AppDelegate.swift; sourceTree = "<group>"; };
		EA9D9D5B245EE8E900BE550A /* SceneDelegate.swift */ = {isa = PBXFileReference; lastKnownFileType = sourcecode.swift; path = SceneDelegate.swift; sourceTree = "<group>"; };
		EA9D9D5D245EE8E900BE550A /* ViewController.swift */ = {isa = PBXFileReference; lastKnownFileType = sourcecode.swift; path = ViewController.swift; sourceTree = "<group>"; };
		EA9D9D60245EE8E900BE550A /* Base */ = {isa = PBXFileReference; lastKnownFileType = file.storyboard; name = Base; path = Base.lproj/Main.storyboard; sourceTree = "<group>"; };
		EA9D9D62245EE8EB00BE550A /* Assets.xcassets */ = {isa = PBXFileReference; lastKnownFileType = folder.assetcatalog; path = Assets.xcassets; sourceTree = "<group>"; };
		EA9D9D65245EE8EB00BE550A /* Base */ = {isa = PBXFileReference; lastKnownFileType = file.storyboard; name = Base; path = Base.lproj/LaunchScreen.storyboard; sourceTree = "<group>"; };
		EA9D9D67245EE8EB00BE550A /* Info.plist */ = {isa = PBXFileReference; lastKnownFileType = text.plist.xml; path = Info.plist; sourceTree = "<group>"; };
/* End PBXFileReference section */

/* Begin PBXFrameworksBuildPhase section */
		EA9D9D53245EE8E900BE550A /* Frameworks */ = {
			isa = PBXFrameworksBuildPhase;
			buildActionMask = 2147483647;
			files = (
			);
			runOnlyForDeploymentPostprocessing = 0;
		};
/* End PBXFrameworksBuildPhase section */

/* Begin PBXGroup section */
		EA9D9D4D245EE8E900BE550A = {
			isa = PBXGroup;
			children = (
				EA9D9D58245EE8E900BE550A /* StretchyTableHeader */,
				EA9D9D57245EE8E900BE550A /* Products */,
			);
			sourceTree = "<group>";
		};
		EA9D9D57245EE8E900BE550A /* Products */ = {
			isa = PBXGroup;
			children = (
				EA9D9D56245EE8E900BE550A /* StretchyTableHeader.app */,
			);
			name = Products;
			sourceTree = "<group>";
		};
		EA9D9D58245EE8E900BE550A /* StretchyTableHeader */ = {
			isa = PBXGroup;
			children = (
				EA9D9D59245EE8E900BE550A /* AppDelegate.swift */,
				EA9D9D5B245EE8E900BE550A /* SceneDelegate.swift */,
				EA9D9D5D245EE8E900BE550A /* ViewController.swift */,
				EA9D9D5F245EE8E900BE550A /* Main.storyboard */,
				EA9D9D62245EE8EB00BE550A /* Assets.xcassets */,
				EA9D9D64245EE8EB00BE550A /* LaunchScreen.storyboard */,
				EA9D9D67245EE8EB00BE550A /* Info.plist */,
			);
			path = StretchyTableHeader;
			sourceTree = "<group>";
		};
/* End PBXGroup section */

/* Begin PBXNativeTarget section */
		EA9D9D55245EE8E900BE550A /* StretchyTableHeader */ = {
			isa = PBXNativeTarget;
			buildConfigurationList = EA9D9D6A245EE8EB00BE550A /* Build configuration list for PBXNativeTarget "StretchyTableHeader" */;
			buildPhases = (
				EA9D9D52245EE8E900BE550A /* Sources */,
				EA9D9D53245EE8E900BE550A /* Frameworks */,
				EA9D9D54245EE8E900BE550A /* Resources */,
			);
			buildRules = (
			);
			dependencies = (
			);
			name = StretchyTableHeader;
			productName = StretchyTableHeader;
			productReference = EA9D9D56245EE8E900BE550A /* StretchyTableHeader.app */;
			productType = "com.apple.product-type.application";
		};
/* End PBXNativeTarget section */

/* Begin PBXProject section */
		EA9D9D4E245EE8E900BE550A /* Project object */ = {
			isa = PBXProject;
			attributes = {
				LastSwiftUpdateCheck = 1140;
				LastUpgradeCheck = 1140;
				ORGANIZATIONNAME = "Ahmed Masoud";
				TargetAttributes = {
					EA9D9D55245EE8E900BE550A = {
						CreatedOnToolsVersion = 11.4.1;
					};
				};
			};
			buildConfigurationList = EA9D9D51245EE8E900BE550A /* Build configuration list for PBXProject "StretchyTableHeader" */;
			compatibilityVersion = "Xcode 9.3";
			developmentRegion = en;
			hasScannedForEncodings = 0;
			knownRegions = (
				en,
				Base,
			);
			mainGroup = EA9D9D4D245EE8E900BE550A;
			productRefGroup = EA9D9D57245EE8E900BE550A /* Products */;
			projectDirPath = "";
			projectRoot = "";
			targets = (
				EA9D9D55245EE8E900BE550A /* StretchyTableHeader */,
			);
		};
/* End PBXProject section */

/* Begin PBXResourcesBuildPhase section */
		EA9D9D54245EE8E900BE550A /* Resources */ = {
			isa = PBXResourcesBuildPhase;
			buildActionMask = 2147483647;
			files = (
				EA9D9D66245EE8EB00BE550A /* LaunchScreen.storyboard in Resources */,
				EA9D9D63245EE8EB00BE550A /* Assets.xcassets in Resources */,
				EA9D9D61245EE8E900BE550A /* Main.storyboard in Resources */,
			);
			runOnlyForDeploymentPostprocessing = 0;
		};
/* End PBXResourcesBuildPhase section */

/* Begin PBXSourcesBuildPhase section */
		EA9D9D52245EE8E900BE550A /* Sources */ = {
			isa = PBXSourcesBuildPhase;
			buildActionMask = 2147483647;
			files = (
				EA9D9D5E245EE8E900BE550A /* ViewController.swift in Sources */,
				EA9D9D5A245EE8E900BE550A /* AppDelegate.swift in Sources */,
				EA9D9D5C245EE8E900BE550A /* SceneDelegate.swift in Sources */,
			);
			runOnlyForDeploymentPostprocessing = 0;
		};
/* End PBXSourcesBuildPhase section */

/* Begin PBXVariantGroup section */
		EA9D9D5F245EE8E900BE550A /* Main.storyboard */ = {
			isa = PBXVariantGroup;
			children = (
				EA9D9D60245EE8E900BE550A /* Base */,
			);
			name = Main.storyboard;
			sourceTree = "<group>";
		};
		EA9D9D64245EE8EB00BE550A /* LaunchScreen.storyboard */ = {
			isa = PBXVariantGroup;
			children = (
				EA9D9D65245EE8EB00BE550A /* Base */,
			);
			name = LaunchScreen.storyboard;
			sourceTree = "<group>";
		};
/* End PBXVariantGroup section */

/* Begin XCBuildConfiguration section */
		EA9D9D68245EE8EB00BE550A /* Debug */ = {
			isa = XCBuildConfiguration;
			buildSettings = {
				ALWAYS_SEARCH_USER_PATHS = NO;
				CLANG_ANALYZER_NONNULL = YES;
				CLANG_ANALYZER_NUMBER_OBJECT_CONVERSION = YES_AGGRESSIVE;
				CLANG_CXX_LANGUAGE_STANDARD = "gnu++14";
				CLANG_CXX_LIBRARY = "libc++";
				CLANG_ENABLE_MODULES = YES;
				CLANG_ENABLE_OBJC_ARC = YES;
				CLANG_ENABLE_OBJC_WEAK = YES;
				CLANG_WARN_BLOCK_CAPTURE_AUTORELEASING = YES;
				CLANG_WARN_BOOL_CONVERSION = YES;
				CLANG_WARN_COMMA = YES;
				CLANG_WARN_CONSTANT_CONVERSION = YES;
				CLANG_WARN_DEPRECATED_OBJC_IMPLEMENTATIONS = YES;
				CLANG_WARN_DIRECT_OBJC_ISA_USAGE = YES_ERROR;
				CLANG_WARN_DOCUMENTATION_COMMENTS = YES;
				CLANG_WARN_EMPTY_BODY = YES;
				CLANG_WARN_ENUM_CONVERSION = YES;
				CLANG_WARN_INFINITE_RECURSION = YES;
				CLANG_WARN_INT_CONVERSION = YES;
				CLANG_WARN_NON_LITERAL_NULL_CONVERSION = YES;
				CLANG_WARN_OBJC_IMPLICIT_RETAIN_SELF = YES;
				CLANG_WARN_OBJC_LITERAL_CONVERSION = YES;
				CLANG_WARN_OBJC_ROOT_CLASS = YES_ERROR;
				CLANG_WARN_RANGE_LOOP_ANALYSIS = YES;
				CLANG_WARN_STRICT_PROTOTYPES = YES;
				CLANG_WARN_SUSPICIOUS_MOVE = YES;
				CLANG_WARN_UNGUARDED_AVAILABILITY = YES_AGGRESSIVE;
				CLANG_WARN_UNREACHABLE_CODE = YES;
				CLANG_WARN__DUPLICATE_METHOD_MATCH = YES;
				COPY_PHASE_STRIP = NO;
				DEBUG_INFORMATION_FORMAT = dwarf;
				ENABLE_STRICT_OBJC_MSGSEND = YES;
				ENABLE_TESTABILITY = YES;
				GCC_C_LANGUAGE_STANDARD = gnu11;
				GCC_DYNAMIC_NO_PIC = NO;
				GCC_NO_COMMON_BLOCKS = YES;
				GCC_OPTIMIZATION_LEVEL = 0;
				GCC_PREPROCESSOR_DEFINITIONS = (
					"DEBUG=1",
					"$(inherited)",
				);
				GCC_WARN_64_TO_32_BIT_CONVERSION = YES;
				GCC_WARN_ABOUT_RETURN_TYPE = YES_ERROR;
				GCC_WARN_UNDECLARED_SELECTOR = YES;
				GCC_WARN_UNINITIALIZED_AUTOS = YES_AGGRESSIVE;
				GCC_WARN_UNUSED_FUNCTION = YES;
				GCC_WARN_UNUSED_VARIABLE = YES;
				IPHONEOS_DEPLOYMENT_TARGET = 13.4;
				MTL_ENABLE_DEBUG_INFO = INCLUDE_SOURCE;
				MTL_FAST_MATH = YES;
				ONLY_ACTIVE_ARCH = YES;
				SDKROOT = iphoneos;
				SWIFT_ACTIVE_COMPILATION_CONDITIONS = DEBUG;
				SWIFT_OPTIMIZATION_LEVEL = "-Onone";
			};
			name = Debug;
		};
		EA9D9D69245EE8EB00BE550A /* Release */ = {
			isa = XCBuildConfiguration;
			buildSettings = {
				ALWAYS_SEARCH_USER_PATHS = NO;
				CLANG_ANALYZER_NONNULL = YES;
				CLANG_ANALYZER_NUMBER_OBJECT_CONVERSION = YES_AGGRESSIVE;
				CLANG_CXX_LANGUAGE_STANDARD = "gnu++14";
				CLANG_CXX_LIBRARY = "libc++";
				CLANG_ENABLE_MODULES = YES;
				CLANG_ENABLE_OBJC_ARC = YES;
				CLANG_ENABLE_OBJC_WEAK = YES;
				CLANG_WARN_BLOCK_CAPTURE_AUTORELEASING = YES;
				CLANG_WARN_BOOL_CONVERSION = YES;
				CLANG_WARN_COMMA = YES;
				CLANG_WARN_CONSTANT_CONVERSION = YES;
				CLANG_WARN_DEPRECATED_OBJC_IMPLEMENTATIONS = YES;
				CLANG_WARN_DIRECT_OBJC_ISA_USAGE = YES_ERROR;
				CLANG_WARN_DOCUMENTATION_COMMENTS = YES;
				CLANG_WARN_EMPTY_BODY = YES;
				CLANG_WARN_ENUM_CONVERSION = YES;
				CLANG_WARN_INFINITE_RECURSION = YES;
				CLANG_WARN_INT_CONVERSION = YES;
				CLANG_WARN_NON_LITERAL_NULL_CONVERSION = YES;
				CLANG_WARN_OBJC_IMPLICIT_RETAIN_SELF = YES;
				CLANG_WARN_OBJC_LITERAL_CONVERSION = YES;
				CLANG_WARN_OBJC_ROOT_CLASS = YES_ERROR;
				CLANG_WARN_RANGE_LOOP_ANALYSIS = YES;
				CLANG_WARN_STRICT_PROTOTYPES = YES;
				CLANG_WARN_SUSPICIOUS_MOVE = YES;
				CLANG_WARN_UNGUARDED_AVAILABILITY = YES_AGGRESSIVE;
				CLANG_WARN_UNREACHABLE_CODE = YES;
				CLANG_WARN__DUPLICATE_METHOD_MATCH = YES;
				COPY_PHASE_STRIP = NO;
				DEBUG_INFORMATION_FORMAT = "dwarf-with-dsym";
				ENABLE_NS_ASSERTIONS = NO;
				ENABLE_STRICT_OBJC_MSGSEND = YES;
				GCC_C_LANGUAGE_STANDARD = gnu11;
				GCC_NO_COMMON_BLOCKS = YES;
				GCC_WARN_64_TO_32_BIT_CONVERSION = YES;
				GCC_WARN_ABOUT_RETURN_TYPE = YES_ERROR;
				GCC_WARN_UNDECLARED_SELECTOR = YES;
				GCC_WARN_UNINITIALIZED_AUTOS = YES_AGGRESSIVE;
				GCC_WARN_UNUSED_FUNCTION = YES;
				GCC_WARN_UNUSED_VARIABLE = YES;
				IPHONEOS_DEPLOYMENT_TARGET = 13.4;
				MTL_ENABLE_DEBUG_INFO = NO;
				MTL_FAST_MATH = YES;
				SDKROOT = iphoneos;
				SWIFT_COMPILATION_MODE = wholemodule;
				SWIFT_OPTIMIZATION_LEVEL = "-O";
				VALIDATE_PRODUCT = YES;
			};
			name = Release;
		};
		EA9D9D6B245EE8EB00BE550A /* Debug */ = {
			isa = XCBuildConfiguration;
			buildSettings = {
				ASSETCATALOG_COMPILER_APPICON_NAME = AppIcon;
				CODE_SIGN_STYLE = Automatic;
				DEVELOPMENT_TEAM = 6CSKQ286Y3;
				INFOPLIST_FILE = StretchyTableHeader/Info.plist;
				LD_RUNPATH_SEARCH_PATHS = (
					"$(inherited)",
					"@executable_path/Frameworks",
				);
				PRODUCT_BUNDLE_IDENTIFIER = com.stretchHeader.StretchyTableHeader;
				PRODUCT_NAME = "$(TARGET_NAME)";
				SWIFT_VERSION = 5.0;
				TARGETED_DEVICE_FAMILY = "1,2";
			};
			name = Debug;
		};
		EA9D9D6C245EE8EB00BE550A /* Release */ = {
			isa = XCBuildConfiguration;
			buildSettings = {
				ASSETCATALOG_COMPILER_APPICON_NAME = AppIcon;
				CODE_SIGN_STYLE = Automatic;
				DEVELOPMENT_TEAM = 6CSKQ286Y3;
				INFOPLIST_FILE = StretchyTableHeader/Info.plist;
				LD_RUNPATH_SEARCH_PATHS = (
					"$(inherited)",
					"@executable_path/Frameworks",
				);
				PRODUCT_BUNDLE_IDENTIFIER = com.stretchHeader.StretchyTableHeader;
				PRODUCT_NAME = "$(TARGET_NAME)";
				SWIFT_VERSION = 5.0;
				TARGETED_DEVICE_FAMILY = "1,2";
			};
			name = Release;
		};
/* End XCBuildConfiguration section */

/* Begin XCConfigurationList section */
		EA9D9D51245EE8E900BE550A /* Build configuration list for PBXProject "StretchyTableHeader" */ = {
			isa = XCConfigurationList;
			buildConfigurations = (
				EA9D9D68245EE8EB00BE550A /* Debug */,
				EA9D9D69245EE8EB00BE550A /* Release */,
			);
			defaultConfigurationIsVisible = 0;
			defaultConfigurationName = Release;
		};
		EA9D9D6A245EE8EB00BE550A /* Build configuration list for PBXNativeTarget "StretchyTableHeader" */ = {
			isa = XCConfigurationList;
			buildConfigurations = (
				EA9D9D6B245EE8EB00BE550A /* Debug */,
				EA9D9D6C245EE8EB00BE550A /* Release */,
			);
			defaultConfigurationIsVisible = 0;
			defaultConfigurationName = Release;
		};
/* End XCConfigurationList section */
	};
	rootObject = EA9D9D4E245EE8E900BE550A /* Project object */;
}
